
Microsoft Visual Studio Solution File, Format Version 12.00
# Visual Studio Version 17
VisualStudioVersion = 17.0.31912.275
MinimumVisualStudioVersion = 10.0.40219.1
Project("{9A19103F-16F7-4668-BE54-9A1E7A4F7556}") = "Blog.Business", "Blog.Business\Blog.Business.csproj", "{9A3F40C2-B3A8-40C6-A1D4-44AE8C71977F}"
EndProject
Project("{9A19103F-16F7-4668-BE54-9A1E7A4F7556}") = "Blog.Core", "Blog.Core\Blog.Core.csproj", "{059FA998-D315-42C8-B878-FCE1C17980A8}"
EndProject
Project("{9A19103F-16F7-4668-BE54-9A1E7A4F7556}") = "Blog.DataAccess", "Blog.DataAccess\Blog.DataAccess.csproj", "{18B69415-D1C7-440E-B66D-ACC356F4FF18}"
EndProject
Project("{9A19103F-16F7-4668-BE54-9A1E7A4F7556}") = "Blog.MvcWebUI", "Blog.MvcWebUI\Blog.MvcWebUI.csproj", "{A3F2EAE5-FBC4-43A8-910F-CFBDF0BD7C7B}"
EndProject
Project("{FAE04EC0-301F-11D3-BF4B-00C04F79EFBC}") = "Blog.Entities", "Entities\Blog.Entities.csproj", "{61462E8B-D147-4B67-90A8-CF40574F1D6C}"
EndProject
Global
	GlobalSection(SolutionConfigurationPlatforms) = preSolution
		Debug|Any CPU = Debug|Any CPU
		Release|Any CPU = Release|Any CPU
	EndGlobalSection
	GlobalSection(ProjectConfigurationPlatforms) = postSolution
		{9A3F40C2-B3A8-40C6-A1D4-44AE8C71977F}.Debug|Any CPU.ActiveCfg = Debug|Any CPU
		{9A3F40C2-B3A8-40C6-A1D4-44AE8C71977F}.Debug|Any CPU.Build.0 = Debug|Any CPU
		{9A3F40C2-B3A8-40C6-A1D4-44AE8C71977F}.Release|Any CPU.ActiveCfg = Release|Any CPU
		{9A3F40C2-B3A8-40C6-A1D4-44AE8C71977F}.Release|Any CPU.Build.0 = Release|Any CPU
		{059FA998-D315-42C8-B878-FCE1C17980A8}.Debug|Any CPU.ActiveCfg = Debug|Any CPU
		{059FA998-D315-42C8-B878-FCE1C17980A8}.Debug|Any CPU.Build.0 = Debug|Any CPU
		{059FA998-D315-42C8-B878-FCE1C17980A8}.Release|Any CPU.ActiveCfg = Release|Any CPU
		{059FA998-D315-42C8-B878-FCE1C17980A8}.Release|Any CPU.Build.0 = Release|Any CPU
		{18B69415-D1C7-440E-B66D-ACC356F4FF18}.Debug|Any CPU.ActiveCfg = Debug|Any CPU
		{18B69415-D1C7-440E-B66D-ACC356F4FF18}.Debug|Any CPU.Build.0 = Debug|Any CPU
		{18B69415-D1C7-440E-B66D-ACC356F4FF18}.Release|Any CPU.ActiveCfg = Release|Any CPU
		{18B69415-D1C7-440E-B66D-ACC356F4FF18}.Release|Any CPU.Build.0 = Release|Any CPU
		{A3F2EAE5-FBC4-43A8-910F-CFBDF0BD7C7B}.Debug|Any CPU.ActiveCfg = Debug|Any CPU
		{A3F2EAE5-FBC4-43A8-910F-CFBDF0BD7C7B}.Debug|Any CPU.Build.0 = Debug|Any CPU
		{A3F2EAE5-FBC4-43A8-910F-CFBDF0BD7C7B}.Release|Any CPU.ActiveCfg = Release|Any CPU
		{A3F2EAE5-FBC4-43A8-910F-CFBDF0BD7C7B}.Release|Any CPU.Build.0 = Release|Any CPU
		{61462E8B-D147-4B67-90A8-CF40574F1D6C}.Debug|Any CPU.ActiveCfg = Debug|Any CPU
		{61462E8B-D147-4B67-90A8-CF40574F1D6C}.Debug|Any CPU.Build.0 = Debug|Any CPU
		{61462E8B-D147-4B67-90A8-CF40574F1D6C}.Release|Any CPU.ActiveCfg = Release|Any CPU
		{61462E8B-D147-4B67-90A8-CF40574F1D6C}.Release|Any CPU.Build.0 = Release|Any CPU
	EndGlobalSection
	GlobalSection(SolutionProperties) = preSolution
		HideSolutionNode = FALSE
	EndGlobalSection
	GlobalSection(ExtensibilityGlobals) = postSolution
		SolutionGuid = {2537169F-B959-40EC-A0AA-F568B660F122}
	EndGlobalSection
EndGlobal
